
Microsoft Visual Studio Solution File, Format Version 12.00
# Visual Studio Version 17
VisualStudioVersion = 17.2.32519.379
MinimumVisualStudioVersion = 10.0.40219.1
Project("{FAE04EC0-301F-11D3-BF4B-00C04F79EFBC}") = "CS201Dashboard", "Finals\CS201Dashboard.csproj", "{1DBCE629-430D-40CC-9F70-95EDBE095547}"
EndProject
Global
	GlobalSection(SolutionConfigurationPlatforms) = preSolution
		Debug|Any CPU = Debug|Any CPU
		Release|Any CPU = Release|Any CPU
	EndGlobalSection
	GlobalSection(ProjectConfigurationPlatforms) = postSolution
		{1DBCE629-430D-40CC-9F70-95EDBE095547}.Debug|Any CPU.ActiveCfg = Debug|Any CPU
		{1DBCE629-430D-40CC-9F70-95EDBE095547}.Debug|Any CPU.Build.0 = Debug|Any CPU
		{1DBCE629-430D-40CC-9F70-95EDBE095547}.Release|Any CPU.ActiveCfg = Release|Any CPU
		{1DBCE629-430D-40CC-9F70-95EDBE095547}.Release|Any CPU.Build.0 = Release|Any CPU
	EndGlobalSection
	GlobalSection(SolutionProperties) = preSolution
		HideSolutionNode = FALSE
	EndGlobalSection
	GlobalSection(ExtensibilityGlobals) = postSolution
		SolutionGuid = {244A38C6-258A-47CD-8A15-213B40840E43}
	EndGlobalSection
EndGlobal
